
Microsoft Visual Studio Solution File, Format Version 12.00
# Visual Studio 15
VisualStudioVersion = 15.0.28307.421
MinimumVisualStudioVersion = 10.0.40219.1
Project("{FAE04EC0-301F-11D3-BF4B-00C04F79EFBC}") = "TibcoCarRentals", "TibcoCarRentals\TibcoCarRentals.csproj", "{9C5F51D1-64EF-463A-80DF-C65FE4EC052F}"
EndProject
Global
	GlobalSection(SolutionConfigurationPlatforms) = preSolution
		Debug|Any CPU = Debug|Any CPU
		Release|Any CPU = Release|Any CPU
	EndGlobalSection
	GlobalSection(ProjectConfigurationPlatforms) = postSolution
		{9C5F51D1-64EF-463A-80DF-C65FE4EC052F}.Debug|Any CPU.ActiveCfg = Debug|Any CPU
		{9C5F51D1-64EF-463A-80DF-C65FE4EC052F}.Debug|Any CPU.Build.0 = Debug|Any CPU
		{9C5F51D1-64EF-463A-80DF-C65FE4EC052F}.Release|Any CPU.ActiveCfg = Release|Any CPU
		{9C5F51D1-64EF-463A-80DF-C65FE4EC052F}.Release|Any CPU.Build.0 = Release|Any CPU
	EndGlobalSection
	GlobalSection(SolutionProperties) = preSolution
		HideSolutionNode = FALSE
	EndGlobalSection
	GlobalSection(ExtensibilityGlobals) = postSolution
		SolutionGuid = {3C15872B-28E7-46C5-A44C-3F0E97BD8664}
	EndGlobalSection
EndGlobal
